
Microsoft Visual Studio Solution File, Format Version 12.00
# Visual Studio 15
VisualStudioVersion = 15.0.26124.0
MinimumVisualStudioVersion = 15.0.26124.0
Project("{FAE04EC0-301F-11D3-BF4B-00C04F79EFBC}") = "Domain", "Domain\Domain.csproj", "{7C55DA81-C76A-45B4-A4AC-DD8D27945C2E}"
EndProject
Project("{FAE04EC0-301F-11D3-BF4B-00C04F79EFBC}") = "Application", "Application\Application.csproj", "{A39DEE65-83A5-4CD1-909D-389CAD565BBF}"
EndProject
Project("{FAE04EC0-301F-11D3-BF4B-00C04F79EFBC}") = "Persistence", "Persistence\Persistence.csproj", "{05A0C881-1026-4A1A-ADFE-6FF77A138B0C}"
EndProject
Project("{FAE04EC0-301F-11D3-BF4B-00C04F79EFBC}") = "API", "API\API.csproj", "{877708B6-6EDB-4F0F-B4DC-49BF1A5B323E}"
EndProject
Global
	GlobalSection(SolutionConfigurationPlatforms) = preSolution
		Debug|Any CPU = Debug|Any CPU
		Debug|x64 = Debug|x64
		Debug|x86 = Debug|x86
		Release|Any CPU = Release|Any CPU
		Release|x64 = Release|x64
		Release|x86 = Release|x86
	EndGlobalSection
	GlobalSection(SolutionProperties) = preSolution
		HideSolutionNode = FALSE
	EndGlobalSection
	GlobalSection(ProjectConfigurationPlatforms) = postSolution
		{7C55DA81-C76A-45B4-A4AC-DD8D27945C2E}.Debug|Any CPU.ActiveCfg = Debug|Any CPU
		{7C55DA81-C76A-45B4-A4AC-DD8D27945C2E}.Debug|Any CPU.Build.0 = Debug|Any CPU
		{7C55DA81-C76A-45B4-A4AC-DD8D27945C2E}.Debug|x64.ActiveCfg = Debug|Any CPU
		{7C55DA81-C76A-45B4-A4AC-DD8D27945C2E}.Debug|x64.Build.0 = Debug|Any CPU
		{7C55DA81-C76A-45B4-A4AC-DD8D27945C2E}.Debug|x86.ActiveCfg = Debug|Any CPU
		{7C55DA81-C76A-45B4-A4AC-DD8D27945C2E}.Debug|x86.Build.0 = Debug|Any CPU
		{7C55DA81-C76A-45B4-A4AC-DD8D27945C2E}.Release|Any CPU.ActiveCfg = Release|Any CPU
		{7C55DA81-C76A-45B4-A4AC-DD8D27945C2E}.Release|Any CPU.Build.0 = Release|Any CPU
		{7C55DA81-C76A-45B4-A4AC-DD8D27945C2E}.Release|x64.ActiveCfg = Release|Any CPU
		{7C55DA81-C76A-45B4-A4AC-DD8D27945C2E}.Release|x64.Build.0 = Release|Any CPU
		{7C55DA81-C76A-45B4-A4AC-DD8D27945C2E}.Release|x86.ActiveCfg = Release|Any CPU
		{7C55DA81-C76A-45B4-A4AC-DD8D27945C2E}.Release|x86.Build.0 = Release|Any CPU
		{A39DEE65-83A5-4CD1-909D-389CAD565BBF}.Debug|Any CPU.ActiveCfg = Debug|Any CPU
		{A39DEE65-83A5-4CD1-909D-389CAD565BBF}.Debug|Any CPU.Build.0 = Debug|Any CPU
		{A39DEE65-83A5-4CD1-909D-389CAD565BBF}.Debug|x64.ActiveCfg = Debug|Any CPU
		{A39DEE65-83A5-4CD1-909D-389CAD565BBF}.Debug|x64.Build.0 = Debug|Any CPU
		{A39DEE65-83A5-4CD1-909D-389CAD565BBF}.Debug|x86.ActiveCfg = Debug|Any CPU
		{A39DEE65-83A5-4CD1-909D-389CAD565BBF}.Debug|x86.Build.0 = Debug|Any CPU
		{A39DEE65-83A5-4CD1-909D-389CAD565BBF}.Release|Any CPU.ActiveCfg = Release|Any CPU
		{A39DEE65-83A5-4CD1-909D-389CAD565BBF}.Release|Any CPU.Build.0 = Release|Any CPU
		{A39DEE65-83A5-4CD1-909D-389CAD565BBF}.Release|x64.ActiveCfg = Release|Any CPU
		{A39DEE65-83A5-4CD1-909D-389CAD565BBF}.Release|x64.Build.0 = Release|Any CPU
		{A39DEE65-83A5-4CD1-909D-389CAD565BBF}.Release|x86.ActiveCfg = Release|Any CPU
		{A39DEE65-83A5-4CD1-909D-389CAD565BBF}.Release|x86.Build.0 = Release|Any CPU
		{05A0C881-1026-4A1A-ADFE-6FF77A138B0C}.Debug|Any CPU.ActiveCfg = Debug|Any CPU
		{05A0C881-1026-4A1A-ADFE-6FF77A138B0C}.Debug|Any CPU.Build.0 = Debug|Any CPU
		{05A0C881-1026-4A1A-ADFE-6FF77A138B0C}.Debug|x64.ActiveCfg = Debug|Any CPU
		{05A0C881-1026-4A1A-ADFE-6FF77A138B0C}.Debug|x64.Build.0 = Debug|Any CPU
		{05A0C881-1026-4A1A-ADFE-6FF77A138B0C}.Debug|x86.ActiveCfg = Debug|Any CPU
		{05A0C881-1026-4A1A-ADFE-6FF77A138B0C}.Debug|x86.Build.0 = Debug|Any CPU
		{05A0C881-1026-4A1A-ADFE-6FF77A138B0C}.Release|Any CPU.ActiveCfg = Release|Any CPU
		{05A0C881-1026-4A1A-ADFE-6FF77A138B0C}.Release|Any CPU.Build.0 = Release|Any CPU
		{05A0C881-1026-4A1A-ADFE-6FF77A138B0C}.Release|x64.ActiveCfg = Release|Any CPU
		{05A0C881-1026-4A1A-ADFE-6FF77A138B0C}.Release|x64.Build.0 = Release|Any CPU
		{05A0C881-1026-4A1A-ADFE-6FF77A138B0C}.Release|x86.ActiveCfg = Release|Any CPU
		{05A0C881-1026-4A1A-ADFE-6FF77A138B0C}.Release|x86.Build.0 = Release|Any CPU
		{877708B6-6EDB-4F0F-B4DC-49BF1A5B323E}.Debug|Any CPU.ActiveCfg = Debug|Any CPU
		{877708B6-6EDB-4F0F-B4DC-49BF1A5B323E}.Debug|Any CPU.Build.0 = Debug|Any CPU
		{877708B6-6EDB-4F0F-B4DC-49BF1A5B323E}.Debug|x64.ActiveCfg = Debug|Any CPU
		{877708B6-6EDB-4F0F-B4DC-49BF1A5B323E}.Debug|x64.Build.0 = Debug|Any CPU
		{877708B6-6EDB-4F0F-B4DC-49BF1A5B323E}.Debug|x86.ActiveCfg = Debug|Any CPU
		{877708B6-6EDB-4F0F-B4DC-49BF1A5B323E}.Debug|x86.Build.0 = Debug|Any CPU
		{877708B6-6EDB-4F0F-B4DC-49BF1A5B323E}.Release|Any CPU.ActiveCfg = Release|Any CPU
		{877708B6-6EDB-4F0F-B4DC-49BF1A5B323E}.Release|Any CPU.Build.0 = Release|Any CPU
		{877708B6-6EDB-4F0F-B4DC-49BF1A5B323E}.Release|x64.ActiveCfg = Release|Any CPU
		{877708B6-6EDB-4F0F-B4DC-49BF1A5B323E}.Release|x64.Build.0 = Release|Any CPU
		{877708B6-6EDB-4F0F-B4DC-49BF1A5B323E}.Release|x86.ActiveCfg = Release|Any CPU
		{877708B6-6EDB-4F0F-B4DC-49BF1A5B323E}.Release|x86.Build.0 = Release|Any CPU
	EndGlobalSection
EndGlobal
